PODS:
  - Masonry (1.1.0)
  - SSZipArchive (2.4.3)

DEPENDENCIES:
  - Masonry
  - SSZipArchive

SPEC REPOS:
  trunk:
    - Masonry
    - SSZipArchive

SPEC CHECKSUMS:
  Masonry: 678fab65091a9290e40e2832a55e7ab731aad201
  SSZipArchive: fe6a26b2a54d5a0890f2567b5cc6de5caa600aef

PODFILE CHECKSUM: 72a69679e55d28df197cf0f2b61475dec28c6fcc

COCOAPODS: 1.11.3
